Microsoft Visual Studio Solution File, Format Version 12.00
# Visual Studio Version 17
VisualStudioVersion = 17.5.2.0
MinimumVisualStudioVersion = 10.0.40219.1
Project("{FAE04EC0-301F-11D3-BF4B-00C04F79EFBC}") = "SaaRCoreBanking", "SaaRCoreBanking\SaaRCoreBanking.csproj", "{CD2D3736-945B-E838-616F-79954CA7909F}"
EndProject
Global
	GlobalSection(SolutionConfigurationPlatforms) = preSolution
		Debug|Any CPU = Debug|Any CPU
		Release|Any CPU = Release|Any CPU
	EndGlobalSection
	GlobalSection(ProjectConfigurationPlatforms) = postSolution
		{CD2D3736-945B-E838-616F-79954CA7909F}.Debug|Any CPU.ActiveCfg = Debug|Any CPU
		{CD2D3736-945B-E838-616F-79954CA7909F}.Debug|Any CPU.Build.0 = Debug|Any CPU
		{CD2D3736-945B-E838-616F-79954CA7909F}.Release|Any CPU.ActiveCfg = Release|Any CPU
		{CD2D3736-945B-E838-616F-79954CA7909F}.Release|Any CPU.Build.0 = Release|Any CPU
	EndGlobalSection
	GlobalSection(SolutionProperties) = preSolution
		HideSolutionNode = FALSE
	EndGlobalSection
	GlobalSection(ExtensibilityGlobals) = postSolution
		SolutionGuid = {54C91F0D-D6F8-4F2B-8531-1D84D9BA5B3A}
	EndGlobalSection
EndGlobal
