
Microsoft Visual Studio Solution File, Format Version 12.00
# Visual Studio Version 17
VisualStudioVersion = 17.0.31903.59
MinimumVisualStudioVersion = 10.0.40219.1
Project("{2150E333-8FDC-42A3-9474-1A3956D46DE8}") = "services", "services", "{5854FF58-B8C5-05C6-5BF2-ACE42193F22B}"
EndProject
Project("{FAE04EC0-301F-11D3-BF4B-00C04F79EFBC}") = "AccountService", "services\AccountService\AccountService.csproj", "{08A2ED5D-059D-49A2-8F5D-EDC686D78F27}"
EndProject
Project("{FAE04EC0-301F-11D3-BF4B-00C04F79EFBC}") = "AccountService.Tests", "services\AccountService.Tests\AccountService.Tests.csproj", "{73B394C3-DC6E-4A34-BDFF-2A3AC32A1E9D}"
EndProject
Global
	GlobalSection(SolutionConfigurationPlatforms) = preSolution
		Debug|Any CPU = Debug|Any CPU
		Debug|x64 = Debug|x64
		Debug|x86 = Debug|x86
		Release|Any CPU = Release|Any CPU
		Release|x64 = Release|x64
		Release|x86 = Release|x86
	EndGlobalSection
	GlobalSection(ProjectConfigurationPlatforms) = postSolution
		{08A2ED5D-059D-49A2-8F5D-EDC686D78F27}.Debug|Any CPU.ActiveCfg = Debug|Any CPU
		{08A2ED5D-059D-49A2-8F5D-EDC686D78F27}.Debug|Any CPU.Build.0 = Debug|Any CPU
		{08A2ED5D-059D-49A2-8F5D-EDC686D78F27}.Debug|x64.ActiveCfg = Debug|Any CPU
		{08A2ED5D-059D-49A2-8F5D-EDC686D78F27}.Debug|x64.Build.0 = Debug|Any CPU
		{08A2ED5D-059D-49A2-8F5D-EDC686D78F27}.Debug|x86.ActiveCfg = Debug|Any CPU
		{08A2ED5D-059D-49A2-8F5D-EDC686D78F27}.Debug|x86.Build.0 = Debug|Any CPU
		{08A2ED5D-059D-49A2-8F5D-EDC686D78F27}.Release|Any CPU.ActiveCfg = Release|Any CPU
		{08A2ED5D-059D-49A2-8F5D-EDC686D78F27}.Release|Any CPU.Build.0 = Release|Any CPU
		{08A2ED5D-059D-49A2-8F5D-EDC686D78F27}.Release|x64.ActiveCfg = Release|Any CPU
		{08A2ED5D-059D-49A2-8F5D-EDC686D78F27}.Release|x64.Build.0 = Release|Any CPU
		{08A2ED5D-059D-49A2-8F5D-EDC686D78F27}.Release|x86.ActiveCfg = Release|Any CPU
		{08A2ED5D-059D-49A2-8F5D-EDC686D78F27}.Release|x86.Build.0 = Release|Any CPU
		{73B394C3-DC6E-4A34-BDFF-2A3AC32A1E9D}.Debug|Any CPU.ActiveCfg = Debug|Any CPU
		{73B394C3-DC6E-4A34-BDFF-2A3AC32A1E9D}.Debug|Any CPU.Build.0 = Debug|Any CPU
		{73B394C3-DC6E-4A34-BDFF-2A3AC32A1E9D}.Debug|x64.ActiveCfg = Debug|Any CPU
		{73B394C3-DC6E-4A34-BDFF-2A3AC32A1E9D}.Debug|x64.Build.0 = Debug|Any CPU
		{73B394C3-DC6E-4A34-BDFF-2A3AC32A1E9D}.Debug|x86.ActiveCfg = Debug|Any CPU
		{73B394C3-DC6E-4A34-BDFF-2A3AC32A1E9D}.Debug|x86.Build.0 = Debug|Any CPU
		{73B394C3-DC6E-4A34-BDFF-2A3AC32A1E9D}.Release|Any CPU.ActiveCfg = Release|Any CPU
		{73B394C3-DC6E-4A34-BDFF-2A3AC32A1E9D}.Release|Any CPU.Build.0 = Release|Any CPU
		{73B394C3-DC6E-4A34-BDFF-2A3AC32A1E9D}.Release|x64.ActiveCfg = Release|Any CPU
		{73B394C3-DC6E-4A34-BDFF-2A3AC32A1E9D}.Release|x64.Build.0 = Release|Any CPU
		{73B394C3-DC6E-4A34-BDFF-2A3AC32A1E9D}.Release|x86.ActiveCfg = Release|Any CPU
		{73B394C3-DC6E-4A34-BDFF-2A3AC32A1E9D}.Release|x86.Build.0 = Release|Any CPU
	EndGlobalSection
	GlobalSection(SolutionProperties) = preSolution
		HideSolutionNode = FALSE
	EndGlobalSection
	GlobalSection(NestedProjects) = preSolution
		{08A2ED5D-059D-49A2-8F5D-EDC686D78F27} = {5854FF58-B8C5-05C6-5BF2-ACE42193F22B}
		{73B394C3-DC6E-4A34-BDFF-2A3AC32A1E9D} = {5854FF58-B8C5-05C6-5BF2-ACE42193F22B}
	EndGlobalSection
EndGlobal
