
Microsoft Visual Studio Solution File, Format Version 12.00
# Visual Studio Version 17
VisualStudioVersion = 17.0.31903.59
MinimumVisualStudioVersion = 10.0.40219.1
Project("{FAE04EC0-301F-11D3-BF4B-00C04F79EFBC}") = "AccountService", "AccountService\AccountService.csproj", "{5F982A98-839A-4C53-AB68-6590ECE4F849}"
EndProject
Project("{FAE04EC0-301F-11D3-BF4B-00C04F79EFBC}") = "AccountService.Tests", "AccountService.Tests\AccountService.Tests.csproj", "{F7C6E5BC-D1E8-485C-AC77-7C44105356C1}"
EndProject
Project("{FAE04EC0-301F-11D3-BF4B-00C04F79EFBC}") = "CustomerService", "CustomerService\CustomerService.csproj", "{3D50F864-5B26-4B69-85B0-643A8476566D}"
EndProject
Project("{FAE04EC0-301F-11D3-BF4B-00C04F79EFBC}") = "CustomerService.Tests", "CustomerService.Tests\CustomerService.Tests.csproj", "{A48B838B-5296-4161-A75B-E4CBFA0B6462}"
EndProject
Project("{FAE04EC0-301F-11D3-BF4B-00C04F79EFBC}") = "TransactionService", "TransactionService\TransactionService.csproj", "{0288E343-BDD6-4D0E-A92D-9F63E9A9B4C1}"
EndProject
Project("{FAE04EC0-301F-11D3-BF4B-00C04F79EFBC}") = "TransactionService.Tests", "TransactionService.Tests\TransactionService.Tests.csproj", "{48D720DC-7786-42BD-8A04-DFF48D79A9F8}"
EndProject
Project("{FAE04EC0-301F-11D3-BF4B-00C04F79EFBC}") = "LoanService", "LoanService\LoanService.csproj", "{F1679C31-3254-4191-BB70-EB5060D9AF92}"
EndProject
Project("{FAE04EC0-301F-11D3-BF4B-00C04F79EFBC}") = "LoanService.Tests", "LoanService.Tests\LoanService.Tests.csproj", "{522AA284-4B53-4CD1-A007-CC8201765180}"
EndProject
Project("{FAE04EC0-301F-11D3-BF4B-00C04F79EFBC}") = "ChequeClearingService", "ChequeClearingService\ChequeClearingService.csproj", "{281483F0-2782-47EC-B255-814C977E27C8}"
EndProject
Project("{FAE04EC0-301F-11D3-BF4B-00C04F79EFBC}") = "ChequeClearingService.Tests", "ChequeClearingService.Tests\ChequeClearingService.Tests.csproj", "{CBAE4FA2-CA93-409D-A255-B70D9CB51CD3}"
EndProject
Project("{FAE04EC0-301F-11D3-BF4B-00C04F79EFBC}") = "RemittancePaymentService", "RemittancePaymentService\RemittancePaymentService.csproj", "{2AB4515C-88FD-4E41-95AF-27E3857983A6}"
EndProject
Project("{FAE04EC0-301F-11D3-BF4B-00C04F79EFBC}") = "RemittancePaymentService.Tests", "RemittancePaymentService.Tests\RemittancePaymentService.Tests.csproj", "{A1B7CB3F-F196-4D48-B25D-3A05588809D3}"
EndProject
Project("{FAE04EC0-301F-11D3-BF4B-00C04F79EFBC}") = "InterestFeeService", "InterestFeeService\InterestFeeService.csproj", "{067E85B8-C877-4B8E-9D93-06932B5D5D47}"
EndProject
Project("{FAE04EC0-301F-11D3-BF4B-00C04F79EFBC}") = "InterestFeeService.Tests", "InterestFeeService.Tests\InterestFeeService.Tests.csproj", "{3CBD6925-78DC-41CF-99E8-0CCA290B1889}"
EndProject
Project("{FAE04EC0-301F-11D3-BF4B-00C04F79EFBC}") = "LockerService", "LockerService\LockerService.csproj", "{53D58E52-121B-405E-9234-5F1B5B43D248}"
EndProject
Project("{FAE04EC0-301F-11D3-BF4B-00C04F79EFBC}") = "LockerService.Tests", "LockerService.Tests\LockerService.Tests.csproj", "{B7060654-81DF-437E-BD07-32D84BFE20B0}"
EndProject
Project("{FAE04EC0-301F-11D3-BF4B-00C04F79EFBC}") = "GLAccountingService", "GLAccountingService\GLAccountingService.csproj", "{07ACA564-167C-4F1A-AB92-8AE308775383}"
EndProject
Project("{FAE04EC0-301F-11D3-BF4B-00C04F79EFBC}") = "GLAccountingService.Tests", "GLAccountingService.Tests\GLAccountingService.Tests.csproj", "{C55357AD-701E-4E47-A094-65FDE792A126}"
EndProject
Project("{FAE04EC0-301F-11D3-BF4B-00C04F79EFBC}") = "RegulatoryComplianceService", "RegulatoryComplianceService\RegulatoryComplianceService.csproj", "{8913A5E8-542E-44F4-8A2B-2780B88174D3}"
EndProject
Project("{FAE04EC0-301F-11D3-BF4B-00C04F79EFBC}") = "RegulatoryComplianceService.Tests", "RegulatoryComplianceService.Tests\RegulatoryComplianceService.Tests.csproj", "{651A1391-A829-463F-A12E-1FCC500654F6}"
EndProject
Project("{FAE04EC0-301F-11D3-BF4B-00C04F79EFBC}") = "ReportingMISService", "ReportingMISService\ReportingMISService.csproj", "{83251D88-1D8B-49B0-8664-1FC34202F36B}"
EndProject
Project("{FAE04EC0-301F-11D3-BF4B-00C04F79EFBC}") = "ReportingMISService.Tests", "ReportingMISService.Tests\ReportingMISService.Tests.csproj", "{0D68039D-ACA9-4FCE-A340-F3A2C29A48A9}"
EndProject
Project("{FAE04EC0-301F-11D3-BF4B-00C04F79EFBC}") = "UserAccessManagementService", "UserAccessManagementService\UserAccessManagementService.csproj", "{FF807063-793F-4077-A4D4-E738B85E61A1}"
EndProject
Project("{FAE04EC0-301F-11D3-BF4B-00C04F79EFBC}") = "UserAccessManagementService.Tests", "UserAccessManagementService.Tests\UserAccessManagementService.Tests.csproj", "{739128A7-31B8-4DDB-AD3F-D6C122B41202}"
EndProject
Project("{FAE04EC0-301F-11D3-BF4B-00C04F79EFBC}") = "ProductParamManagementService", "ProductParamManagementService\ProductParamManagementService.csproj", "{9AA7BA24-D062-4E23-BE92-816BBE7773ED}"
EndProject
Project("{FAE04EC0-301F-11D3-BF4B-00C04F79EFBC}") = "ProductParamManagementService.Tests", "ProductParamManagementService.Tests\ProductParamManagementService.Tests.csproj", "{405A65C5-A922-4DBB-8181-C70DECC4D7F4}"
EndProject
Project("{FAE04EC0-301F-11D3-BF4B-00C04F79EFBC}") = "DocumentManagementService", "DocumentManagementService\DocumentManagementService.csproj", "{9A152C24-DAEA-4996-970A-174A2DEDE153}"
EndProject
Project("{FAE04EC0-301F-11D3-BF4B-00C04F79EFBC}") = "DocumentManagementService.Tests", "DocumentManagementService.Tests\DocumentManagementService.Tests.csproj", "{42CFCB86-9CCB-4BC7-AD57-C9E8FB7B9C1C}"
EndProject
Project("{FAE04EC0-301F-11D3-BF4B-00C04F79EFBC}") = "NotificationService", "NotificationService\NotificationService.csproj", "{3D06C26F-71DD-4439-BB69-9E19EB771A80}"
EndProject
Project("{FAE04EC0-301F-11D3-BF4B-00C04F79EFBC}") = "NotificationService.Tests", "NotificationService.Tests\NotificationService.Tests.csproj", "{1EB22ED5-22F9-4790-B29E-D5A46FEEC41B}"
EndProject
Project("{FAE04EC0-301F-11D3-BF4B-00C04F79EFBC}") = "AuditLoggingService", "AuditLoggingService\AuditLoggingService.csproj", "{05BD480F-1EE4-49BD-A25F-3083AB24DE6B}"
EndProject
Project("{FAE04EC0-301F-11D3-BF4B-00C04F79EFBC}") = "AuditLoggingService.Tests", "AuditLoggingService.Tests\AuditLoggingService.Tests.csproj", "{8E487447-0B0C-491B-B6E6-573D2628C178}"
EndProject
Project("{FAE04EC0-301F-11D3-BF4B-00C04F79EFBC}") = "HRMSService", "HRMSService\HRMSService.csproj", "{EBCF54D3-D631-4D94-8143-A323A4918410}"
EndProject
Project("{FAE04EC0-301F-11D3-BF4B-00C04F79EFBC}") = "HRMSService.Tests", "HRMSService.Tests\HRMSService.Tests.csproj", "{85CAF800-ABBA-46F7-8D82-D6FCF1E09314}"
EndProject
Project("{FAE04EC0-301F-11D3-BF4B-00C04F79EFBC}") = "APIGateway", "APIGateway\APIGateway.csproj", "{2071AB3E-CA2E-4B47-9434-8D17B08D08A7}"
EndProject
Project("{FAE04EC0-301F-11D3-BF4B-00C04F79EFBC}") = "APIGateway.Tests", "APIGateway.Tests\APIGateway.Tests.csproj", "{3D7EE62A-8747-4A0A-9314-943B8FABBAED}"
EndProject
Project("{FAE04EC0-301F-11D3-BF4B-00C04F79EFBC}") = "CardATMService", "CardATMService\CardATMService.csproj", "{83A08A14-5ED8-4908-94D7-F15DD342DDB9}"
EndProject
Project("{FAE04EC0-301F-11D3-BF4B-00C04F79EFBC}") = "CardATMService.Tests", "CardATMService.Tests\CardATMService.Tests.csproj", "{DA991F9F-A85B-4CBE-AA07-3AB8DE99232B}"
EndProject
Global
	GlobalSection(SolutionConfigurationPlatforms) = preSolution
		Debug|Any CPU = Debug|Any CPU
		Debug|x64 = Debug|x64
		Debug|x86 = Debug|x86
		Release|Any CPU = Release|Any CPU
		Release|x64 = Release|x64
		Release|x86 = Release|x86
	EndGlobalSection
	GlobalSection(ProjectConfigurationPlatforms) = postSolution
		{5F982A98-839A-4C53-AB68-6590ECE4F849}.Debug|Any CPU.ActiveCfg = Debug|Any CPU
		{5F982A98-839A-4C53-AB68-6590ECE4F849}.Debug|Any CPU.Build.0 = Debug|Any CPU
		{5F982A98-839A-4C53-AB68-6590ECE4F849}.Debug|x64.ActiveCfg = Debug|Any CPU
		{5F982A98-839A-4C53-AB68-6590ECE4F849}.Debug|x64.Build.0 = Debug|Any CPU
		{5F982A98-839A-4C53-AB68-6590ECE4F849}.Debug|x86.ActiveCfg = Debug|Any CPU
		{5F982A98-839A-4C53-AB68-6590ECE4F849}.Debug|x86.Build.0 = Debug|Any CPU
		{5F982A98-839A-4C53-AB68-6590ECE4F849}.Release|Any CPU.ActiveCfg = Release|Any CPU
		{5F982A98-839A-4C53-AB68-6590ECE4F849}.Release|Any CPU.Build.0 = Release|Any CPU
		{5F982A98-839A-4C53-AB68-6590ECE4F849}.Release|x64.ActiveCfg = Release|Any CPU
		{5F982A98-839A-4C53-AB68-6590ECE4F849}.Release|x64.Build.0 = Release|Any CPU
		{5F982A98-839A-4C53-AB68-6590ECE4F849}.Release|x86.ActiveCfg = Release|Any CPU
		{5F982A98-839A-4C53-AB68-6590ECE4F849}.Release|x86.Build.0 = Release|Any CPU
		{F7C6E5BC-D1E8-485C-AC77-7C44105356C1}.Debug|Any CPU.ActiveCfg = Debug|Any CPU
		{F7C6E5BC-D1E8-485C-AC77-7C44105356C1}.Debug|Any CPU.Build.0 = Debug|Any CPU
		{F7C6E5BC-D1E8-485C-AC77-7C44105356C1}.Debug|x64.ActiveCfg = Debug|Any CPU
		{F7C6E5BC-D1E8-485C-AC77-7C44105356C1}.Debug|x64.Build.0 = Debug|Any CPU
		{F7C6E5BC-D1E8-485C-AC77-7C44105356C1}.Debug|x86.ActiveCfg = Debug|Any CPU
		{F7C6E5BC-D1E8-485C-AC77-7C44105356C1}.Debug|x86.Build.0 = Debug|Any CPU
		{F7C6E5BC-D1E8-485C-AC77-7C44105356C1}.Release|Any CPU.ActiveCfg = Release|Any CPU
		{F7C6E5BC-D1E8-485C-AC77-7C44105356C1}.Release|Any CPU.Build.0 = Release|Any CPU
		{F7C6E5BC-D1E8-485C-AC77-7C44105356C1}.Release|x64.ActiveCfg = Release|Any CPU
		{F7C6E5BC-D1E8-485C-AC77-7C44105356C1}.Release|x64.Build.0 = Release|Any CPU
		{F7C6E5BC-D1E8-485C-AC77-7C44105356C1}.Release|x86.ActiveCfg = Release|Any CPU
		{F7C6E5BC-D1E8-485C-AC77-7C44105356C1}.Release|x86.Build.0 = Release|Any CPU
		{3D50F864-5B26-4B69-85B0-643A8476566D}.Debug|Any CPU.ActiveCfg = Debug|Any CPU
		{3D50F864-5B26-4B69-85B0-643A8476566D}.Debug|Any CPU.Build.0 = Debug|Any CPU
		{3D50F864-5B26-4B69-85B0-643A8476566D}.Debug|x64.ActiveCfg = Debug|Any CPU
		{3D50F864-5B26-4B69-85B0-643A8476566D}.Debug|x64.Build.0 = Debug|Any CPU
		{3D50F864-5B26-4B69-85B0-643A8476566D}.Debug|x86.ActiveCfg = Debug|Any CPU
		{3D50F864-5B26-4B69-85B0-643A8476566D}.Debug|x86.Build.0 = Debug|Any CPU
		{3D50F864-5B26-4B69-85B0-643A8476566D}.Release|Any CPU.ActiveCfg = Release|Any CPU
		{3D50F864-5B26-4B69-85B0-643A8476566D}.Release|Any CPU.Build.0 = Release|Any CPU
		{3D50F864-5B26-4B69-85B0-643A8476566D}.Release|x64.ActiveCfg = Release|Any CPU
		{3D50F864-5B26-4B69-85B0-643A8476566D}.Release|x64.Build.0 = Release|Any CPU
		{3D50F864-5B26-4B69-85B0-643A8476566D}.Release|x86.ActiveCfg = Release|Any CPU
		{3D50F864-5B26-4B69-85B0-643A8476566D}.Release|x86.Build.0 = Release|Any CPU
		{A48B838B-5296-4161-A75B-E4CBFA0B6462}.Debug|Any CPU.ActiveCfg = Debug|Any CPU
		{A48B838B-5296-4161-A75B-E4CBFA0B6462}.Debug|Any CPU.Build.0 = Debug|Any CPU
		{A48B838B-5296-4161-A75B-E4CBFA0B6462}.Debug|x64.ActiveCfg = Debug|Any CPU
		{A48B838B-5296-4161-A75B-E4CBFA0B6462}.Debug|x64.Build.0 = Debug|Any CPU
		{A48B838B-5296-4161-A75B-E4CBFA0B6462}.Debug|x86.ActiveCfg = Debug|Any CPU
		{A48B838B-5296-4161-A75B-E4CBFA0B6462}.Debug|x86.Build.0 = Debug|Any CPU
		{A48B838B-5296-4161-A75B-E4CBFA0B6462}.Release|Any CPU.ActiveCfg = Release|Any CPU
		{A48B838B-5296-4161-A75B-E4CBFA0B6462}.Release|Any CPU.Build.0 = Release|Any CPU
		{A48B838B-5296-4161-A75B-E4CBFA0B6462}.Release|x64.ActiveCfg = Release|Any CPU
		{A48B838B-5296-4161-A75B-E4CBFA0B6462}.Release|x64.Build.0 = Release|Any CPU
		{A48B838B-5296-4161-A75B-E4CBFA0B6462}.Release|x86.ActiveCfg = Release|Any CPU
		{A48B838B-5296-4161-A75B-E4CBFA0B6462}.Release|x86.Build.0 = Release|Any CPU
		{0288E343-BDD6-4D0E-A92D-9F63E9A9B4C1}.Debug|Any CPU.ActiveCfg = Debug|Any CPU
		{0288E343-BDD6-4D0E-A92D-9F63E9A9B4C1}.Debug|Any CPU.Build.0 = Debug|Any CPU
		{0288E343-BDD6-4D0E-A92D-9F63E9A9B4C1}.Debug|x64.ActiveCfg = Debug|Any CPU
		{0288E343-BDD6-4D0E-A92D-9F63E9A9B4C1}.Debug|x64.Build.0 = Debug|Any CPU
		{0288E343-BDD6-4D0E-A92D-9F63E9A9B4C1}.Debug|x86.ActiveCfg = Debug|Any CPU
		{0288E343-BDD6-4D0E-A92D-9F63E9A9B4C1}.Debug|x86.Build.0 = Debug|Any CPU
		{0288E343-BDD6-4D0E-A92D-9F63E9A9B4C1}.Release|Any CPU.ActiveCfg = Release|Any CPU
		{0288E343-BDD6-4D0E-A92D-9F63E9A9B4C1}.Release|Any CPU.Build.0 = Release|Any CPU
		{0288E343-BDD6-4D0E-A92D-9F63E9A9B4C1}.Release|x64.ActiveCfg = Release|Any CPU
		{0288E343-BDD6-4D0E-A92D-9F63E9A9B4C1}.Release|x64.Build.0 = Release|Any CPU
		{0288E343-BDD6-4D0E-A92D-9F63E9A9B4C1}.Release|x86.ActiveCfg = Release|Any CPU
		{0288E343-BDD6-4D0E-A92D-9F63E9A9B4C1}.Release|x86.Build.0 = Release|Any CPU
		{48D720DC-7786-42BD-8A04-DFF48D79A9F8}.Debug|Any CPU.ActiveCfg = Debug|Any CPU
		{48D720DC-7786-42BD-8A04-DFF48D79A9F8}.Debug|Any CPU.Build.0 = Debug|Any CPU
		{48D720DC-7786-42BD-8A04-DFF48D79A9F8}.Debug|x64.ActiveCfg = Debug|Any CPU
		{48D720DC-7786-42BD-8A04-DFF48D79A9F8}.Debug|x64.Build.0 = Debug|Any CPU
		{48D720DC-7786-42BD-8A04-DFF48D79A9F8}.Debug|x86.ActiveCfg = Debug|Any CPU
		{48D720DC-7786-42BD-8A04-DFF48D79A9F8}.Debug|x86.Build.0 = Debug|Any CPU
		{48D720DC-7786-42BD-8A04-DFF48D79A9F8}.Release|Any CPU.ActiveCfg = Release|Any CPU
		{48D720DC-7786-42BD-8A04-DFF48D79A9F8}.Release|Any CPU.Build.0 = Release|Any CPU
		{48D720DC-7786-42BD-8A04-DFF48D79A9F8}.Release|x64.ActiveCfg = Release|Any CPU
		{48D720DC-7786-42BD-8A04-DFF48D79A9F8}.Release|x64.Build.0 = Release|Any CPU
		{48D720DC-7786-42BD-8A04-DFF48D79A9F8}.Release|x86.ActiveCfg = Release|Any CPU
		{48D720DC-7786-42BD-8A04-DFF48D79A9F8}.Release|x86.Build.0 = Release|Any CPU
		{F1679C31-3254-4191-BB70-EB5060D9AF92}.Debug|Any CPU.ActiveCfg = Debug|Any CPU
		{F1679C31-3254-4191-BB70-EB5060D9AF92}.Debug|Any CPU.Build.0 = Debug|Any CPU
		{F1679C31-3254-4191-BB70-EB5060D9AF92}.Debug|x64.ActiveCfg = Debug|Any CPU
		{F1679C31-3254-4191-BB70-EB5060D9AF92}.Debug|x64.Build.0 = Debug|Any CPU
		{F1679C31-3254-4191-BB70-EB5060D9AF92}.Debug|x86.ActiveCfg = Debug|Any CPU
		{F1679C31-3254-4191-BB70-EB5060D9AF92}.Debug|x86.Build.0 = Debug|Any CPU
		{F1679C31-3254-4191-BB70-EB5060D9AF92}.Release|Any CPU.ActiveCfg = Release|Any CPU
		{F1679C31-3254-4191-BB70-EB5060D9AF92}.Release|Any CPU.Build.0 = Release|Any CPU
		{F1679C31-3254-4191-BB70-EB5060D9AF92}.Release|x64.ActiveCfg = Release|Any CPU
		{F1679C31-3254-4191-BB70-EB5060D9AF92}.Release|x64.Build.0 = Release|Any CPU
		{F1679C31-3254-4191-BB70-EB5060D9AF92}.Release|x86.ActiveCfg = Release|Any CPU
		{F1679C31-3254-4191-BB70-EB5060D9AF92}.Release|x86.Build.0 = Release|Any CPU
		{522AA284-4B53-4CD1-A007-CC8201765180}.Debug|Any CPU.ActiveCfg = Debug|Any CPU
		{522AA284-4B53-4CD1-A007-CC8201765180}.Debug|Any CPU.Build.0 = Debug|Any CPU
		{522AA284-4B53-4CD1-A007-CC8201765180}.Debug|x64.ActiveCfg = Debug|Any CPU
		{522AA284-4B53-4CD1-A007-CC8201765180}.Debug|x64.Build.0 = Debug|Any CPU
		{522AA284-4B53-4CD1-A007-CC8201765180}.Debug|x86.ActiveCfg = Debug|Any CPU
		{522AA284-4B53-4CD1-A007-CC8201765180}.Debug|x86.Build.0 = Debug|Any CPU
		{522AA284-4B53-4CD1-A007-CC8201765180}.Release|Any CPU.ActiveCfg = Release|Any CPU
		{522AA284-4B53-4CD1-A007-CC8201765180}.Release|Any CPU.Build.0 = Release|Any CPU
		{522AA284-4B53-4CD1-A007-CC8201765180}.Release|x64.ActiveCfg = Release|Any CPU
		{522AA284-4B53-4CD1-A007-CC8201765180}.Release|x64.Build.0 = Release|Any CPU
		{522AA284-4B53-4CD1-A007-CC8201765180}.Release|x86.ActiveCfg = Release|Any CPU
		{522AA284-4B53-4CD1-A007-CC8201765180}.Release|x86.Build.0 = Release|Any CPU
		{281483F0-2782-47EC-B255-814C977E27C8}.Debug|Any CPU.ActiveCfg = Debug|Any CPU
		{281483F0-2782-47EC-B255-814C977E27C8}.Debug|Any CPU.Build.0 = Debug|Any CPU
		{281483F0-2782-47EC-B255-814C977E27C8}.Debug|x64.ActiveCfg = Debug|Any CPU
		{281483F0-2782-47EC-B255-814C977E27C8}.Debug|x64.Build.0 = Debug|Any CPU
		{281483F0-2782-47EC-B255-814C977E27C8}.Debug|x86.ActiveCfg = Debug|Any CPU
		{281483F0-2782-47EC-B255-814C977E27C8}.Debug|x86.Build.0 = Debug|Any CPU
		{281483F0-2782-47EC-B255-814C977E27C8}.Release|Any CPU.ActiveCfg = Release|Any CPU
		{281483F0-2782-47EC-B255-814C977E27C8}.Release|Any CPU.Build.0 = Release|Any CPU
		{281483F0-2782-47EC-B255-814C977E27C8}.Release|x64.ActiveCfg = Release|Any CPU
		{281483F0-2782-47EC-B255-814C977E27C8}.Release|x64.Build.0 = Release|Any CPU
		{281483F0-2782-47EC-B255-814C977E27C8}.Release|x86.ActiveCfg = Release|Any CPU
		{281483F0-2782-47EC-B255-814C977E27C8}.Release|x86.Build.0 = Release|Any CPU
		{CBAE4FA2-CA93-409D-A255-B70D9CB51CD3}.Debug|Any CPU.ActiveCfg = Debug|Any CPU
		{CBAE4FA2-CA93-409D-A255-B70D9CB51CD3}.Debug|Any CPU.Build.0 = Debug|Any CPU
		{CBAE4FA2-CA93-409D-A255-B70D9CB51CD3}.Debug|x64.ActiveCfg = Debug|Any CPU
		{CBAE4FA2-CA93-409D-A255-B70D9CB51CD3}.Debug|x64.Build.0 = Debug|Any CPU
		{CBAE4FA2-CA93-409D-A255-B70D9CB51CD3}.Debug|x86.ActiveCfg = Debug|Any CPU
		{CBAE4FA2-CA93-409D-A255-B70D9CB51CD3}.Debug|x86.Build.0 = Debug|Any CPU
		{CBAE4FA2-CA93-409D-A255-B70D9CB51CD3}.Release|Any CPU.ActiveCfg = Release|Any CPU
		{CBAE4FA2-CA93-409D-A255-B70D9CB51CD3}.Release|Any CPU.Build.0 = Release|Any CPU
		{CBAE4FA2-CA93-409D-A255-B70D9CB51CD3}.Release|x64.ActiveCfg = Release|Any CPU
		{CBAE4FA2-CA93-409D-A255-B70D9CB51CD3}.Release|x64.Build.0 = Release|Any CPU
		{CBAE4FA2-CA93-409D-A255-B70D9CB51CD3}.Release|x86.ActiveCfg = Release|Any CPU
		{CBAE4FA2-CA93-409D-A255-B70D9CB51CD3}.Release|x86.Build.0 = Release|Any CPU
		{2AB4515C-88FD-4E41-95AF-27E3857983A6}.Debug|Any CPU.ActiveCfg = Debug|Any CPU
		{2AB4515C-88FD-4E41-95AF-27E3857983A6}.Debug|Any CPU.Build.0 = Debug|Any CPU
		{2AB4515C-88FD-4E41-95AF-27E3857983A6}.Debug|x64.ActiveCfg = Debug|Any CPU
		{2AB4515C-88FD-4E41-95AF-27E3857983A6}.Debug|x64.Build.0 = Debug|Any CPU
		{2AB4515C-88FD-4E41-95AF-27E3857983A6}.Debug|x86.ActiveCfg = Debug|Any CPU
		{2AB4515C-88FD-4E41-95AF-27E3857983A6}.Debug|x86.Build.0 = Debug|Any CPU
		{2AB4515C-88FD-4E41-95AF-27E3857983A6}.Release|Any CPU.ActiveCfg = Release|Any CPU
		{2AB4515C-88FD-4E41-95AF-27E3857983A6}.Release|Any CPU.Build.0 = Release|Any CPU
		{2AB4515C-88FD-4E41-95AF-27E3857983A6}.Release|x64.ActiveCfg = Release|Any CPU
		{2AB4515C-88FD-4E41-95AF-27E3857983A6}.Release|x64.Build.0 = Release|Any CPU
		{2AB4515C-88FD-4E41-95AF-27E3857983A6}.Release|x86.ActiveCfg = Release|Any CPU
		{2AB4515C-88FD-4E41-95AF-27E3857983A6}.Release|x86.Build.0 = Release|Any CPU
		{A1B7CB3F-F196-4D48-B25D-3A05588809D3}.Debug|Any CPU.ActiveCfg = Debug|Any CPU
		{A1B7CB3F-F196-4D48-B25D-3A05588809D3}.Debug|Any CPU.Build.0 = Debug|Any CPU
		{A1B7CB3F-F196-4D48-B25D-3A05588809D3}.Debug|x64.ActiveCfg = Debug|Any CPU
		{A1B7CB3F-F196-4D48-B25D-3A05588809D3}.Debug|x64.Build.0 = Debug|Any CPU
		{A1B7CB3F-F196-4D48-B25D-3A05588809D3}.Debug|x86.ActiveCfg = Debug|Any CPU
		{A1B7CB3F-F196-4D48-B25D-3A05588809D3}.Debug|x86.Build.0 = Debug|Any CPU
		{A1B7CB3F-F196-4D48-B25D-3A05588809D3}.Release|Any CPU.ActiveCfg = Release|Any CPU
		{A1B7CB3F-F196-4D48-B25D-3A05588809D3}.Release|Any CPU.Build.0 = Release|Any CPU
		{A1B7CB3F-F196-4D48-B25D-3A05588809D3}.Release|x64.ActiveCfg = Release|Any CPU
		{A1B7CB3F-F196-4D48-B25D-3A05588809D3}.Release|x64.Build.0 = Release|Any CPU
		{A1B7CB3F-F196-4D48-B25D-3A05588809D3}.Release|x86.ActiveCfg = Release|Any CPU
		{A1B7CB3F-F196-4D48-B25D-3A05588809D3}.Release|x86.Build.0 = Release|Any CPU
		{067E85B8-C877-4B8E-9D93-06932B5D5D47}.Debug|Any CPU.ActiveCfg = Debug|Any CPU
		{067E85B8-C877-4B8E-9D93-06932B5D5D47}.Debug|Any CPU.Build.0 = Debug|Any CPU
		{067E85B8-C877-4B8E-9D93-06932B5D5D47}.Debug|x64.ActiveCfg = Debug|Any CPU
		{067E85B8-C877-4B8E-9D93-06932B5D5D47}.Debug|x64.Build.0 = Debug|Any CPU
		{067E85B8-C877-4B8E-9D93-06932B5D5D47}.Debug|x86.ActiveCfg = Debug|Any CPU
		{067E85B8-C877-4B8E-9D93-06932B5D5D47}.Debug|x86.Build.0 = Debug|Any CPU
		{067E85B8-C877-4B8E-9D93-06932B5D5D47}.Release|Any CPU.ActiveCfg = Release|Any CPU
		{067E85B8-C877-4B8E-9D93-06932B5D5D47}.Release|Any CPU.Build.0 = Release|Any CPU
		{067E85B8-C877-4B8E-9D93-06932B5D5D47}.Release|x64.ActiveCfg = Release|Any CPU
		{067E85B8-C877-4B8E-9D93-06932B5D5D47}.Release|x64.Build.0 = Release|Any CPU
		{067E85B8-C877-4B8E-9D93-06932B5D5D47}.Release|x86.ActiveCfg = Release|Any CPU
		{067E85B8-C877-4B8E-9D93-06932B5D5D47}.Release|x86.Build.0 = Release|Any CPU
		{3CBD6925-78DC-41CF-99E8-0CCA290B1889}.Debug|Any CPU.ActiveCfg = Debug|Any CPU
		{3CBD6925-78DC-41CF-99E8-0CCA290B1889}.Debug|Any CPU.Build.0 = Debug|Any CPU
		{3CBD6925-78DC-41CF-99E8-0CCA290B1889}.Debug|x64.ActiveCfg = Debug|Any CPU
		{3CBD6925-78DC-41CF-99E8-0CCA290B1889}.Debug|x64.Build.0 = Debug|Any CPU
		{3CBD6925-78DC-41CF-99E8-0CCA290B1889}.Debug|x86.ActiveCfg = Debug|Any CPU
		{3CBD6925-78DC-41CF-99E8-0CCA290B1889}.Debug|x86.Build.0 = Debug|Any CPU
		{3CBD6925-78DC-41CF-99E8-0CCA290B1889}.Release|Any CPU.ActiveCfg = Release|Any CPU
		{3CBD6925-78DC-41CF-99E8-0CCA290B1889}.Release|Any CPU.Build.0 = Release|Any CPU
		{3CBD6925-78DC-41CF-99E8-0CCA290B1889}.Release|x64.ActiveCfg = Release|Any CPU
		{3CBD6925-78DC-41CF-99E8-0CCA290B1889}.Release|x64.Build.0 = Release|Any CPU
		{3CBD6925-78DC-41CF-99E8-0CCA290B1889}.Release|x86.ActiveCfg = Release|Any CPU
		{3CBD6925-78DC-41CF-99E8-0CCA290B1889}.Release|x86.Build.0 = Release|Any CPU
		{53D58E52-121B-405E-9234-5F1B5B43D248}.Debug|Any CPU.ActiveCfg = Debug|Any CPU
		{53D58E52-121B-405E-9234-5F1B5B43D248}.Debug|Any CPU.Build.0 = Debug|Any CPU
		{53D58E52-121B-405E-9234-5F1B5B43D248}.Debug|x64.ActiveCfg = Debug|Any CPU
		{53D58E52-121B-405E-9234-5F1B5B43D248}.Debug|x64.Build.0 = Debug|Any CPU
		{53D58E52-121B-405E-9234-5F1B5B43D248}.Debug|x86.ActiveCfg = Debug|Any CPU
		{53D58E52-121B-405E-9234-5F1B5B43D248}.Debug|x86.Build.0 = Debug|Any CPU
		{53D58E52-121B-405E-9234-5F1B5B43D248}.Release|Any CPU.ActiveCfg = Release|Any CPU
		{53D58E52-121B-405E-9234-5F1B5B43D248}.Release|Any CPU.Build.0 = Release|Any CPU
		{53D58E52-121B-405E-9234-5F1B5B43D248}.Release|x64.ActiveCfg = Release|Any CPU
		{53D58E52-121B-405E-9234-5F1B5B43D248}.Release|x64.Build.0 = Release|Any CPU
		{53D58E52-121B-405E-9234-5F1B5B43D248}.Release|x86.ActiveCfg = Release|Any CPU
		{53D58E52-121B-405E-9234-5F1B5B43D248}.Release|x86.Build.0 = Release|Any CPU
		{B7060654-81DF-437E-BD07-32D84BFE20B0}.Debug|Any CPU.ActiveCfg = Debug|Any CPU
		{B7060654-81DF-437E-BD07-32D84BFE20B0}.Debug|Any CPU.Build.0 = Debug|Any CPU
		{B7060654-81DF-437E-BD07-32D84BFE20B0}.Debug|x64.ActiveCfg = Debug|Any CPU
		{B7060654-81DF-437E-BD07-32D84BFE20B0}.Debug|x64.Build.0 = Debug|Any CPU
		{B7060654-81DF-437E-BD07-32D84BFE20B0}.Debug|x86.ActiveCfg = Debug|Any CPU
		{B7060654-81DF-437E-BD07-32D84BFE20B0}.Debug|x86.Build.0 = Debug|Any CPU
		{B7060654-81DF-437E-BD07-32D84BFE20B0}.Release|Any CPU.ActiveCfg = Release|Any CPU
		{B7060654-81DF-437E-BD07-32D84BFE20B0}.Release|Any CPU.Build.0 = Release|Any CPU
		{B7060654-81DF-437E-BD07-32D84BFE20B0}.Release|x64.ActiveCfg = Release|Any CPU
		{B7060654-81DF-437E-BD07-32D84BFE20B0}.Release|x64.Build.0 = Release|Any CPU
		{B7060654-81DF-437E-BD07-32D84BFE20B0}.Release|x86.ActiveCfg = Release|Any CPU
		{B7060654-81DF-437E-BD07-32D84BFE20B0}.Release|x86.Build.0 = Release|Any CPU
		{07ACA564-167C-4F1A-AB92-8AE308775383}.Debug|Any CPU.ActiveCfg = Debug|Any CPU
		{07ACA564-167C-4F1A-AB92-8AE308775383}.Debug|Any CPU.Build.0 = Debug|Any CPU
		{07ACA564-167C-4F1A-AB92-8AE308775383}.Debug|x64.ActiveCfg = Debug|Any CPU
		{07ACA564-167C-4F1A-AB92-8AE308775383}.Debug|x64.Build.0 = Debug|Any CPU
		{07ACA564-167C-4F1A-AB92-8AE308775383}.Debug|x86.ActiveCfg = Debug|Any CPU
		{07ACA564-167C-4F1A-AB92-8AE308775383}.Debug|x86.Build.0 = Debug|Any CPU
		{07ACA564-167C-4F1A-AB92-8AE308775383}.Release|Any CPU.ActiveCfg = Release|Any CPU
		{07ACA564-167C-4F1A-AB92-8AE308775383}.Release|Any CPU.Build.0 = Release|Any CPU
		{07ACA564-167C-4F1A-AB92-8AE308775383}.Release|x64.ActiveCfg = Release|Any CPU
		{07ACA564-167C-4F1A-AB92-8AE308775383}.Release|x64.Build.0 = Release|Any CPU
		{07ACA564-167C-4F1A-AB92-8AE308775383}.Release|x86.ActiveCfg = Release|Any CPU
		{07ACA564-167C-4F1A-AB92-8AE308775383}.Release|x86.Build.0 = Release|Any CPU
		{C55357AD-701E-4E47-A094-65FDE792A126}.Debug|Any CPU.ActiveCfg = Debug|Any CPU
		{C55357AD-701E-4E47-A094-65FDE792A126}.Debug|Any CPU.Build.0 = Debug|Any CPU
		{C55357AD-701E-4E47-A094-65FDE792A126}.Debug|x64.ActiveCfg = Debug|Any CPU
		{C55357AD-701E-4E47-A094-65FDE792A126}.Debug|x64.Build.0 = Debug|Any CPU
		{C55357AD-701E-4E47-A094-65FDE792A126}.Debug|x86.ActiveCfg = Debug|Any CPU
		{C55357AD-701E-4E47-A094-65FDE792A126}.Debug|x86.Build.0 = Debug|Any CPU
		{C55357AD-701E-4E47-A094-65FDE792A126}.Release|Any CPU.ActiveCfg = Release|Any CPU
		{C55357AD-701E-4E47-A094-65FDE792A126}.Release|Any CPU.Build.0 = Release|Any CPU
		{C55357AD-701E-4E47-A094-65FDE792A126}.Release|x64.ActiveCfg = Release|Any CPU
		{C55357AD-701E-4E47-A094-65FDE792A126}.Release|x64.Build.0 = Release|Any CPU
		{C55357AD-701E-4E47-A094-65FDE792A126}.Release|x86.ActiveCfg = Release|Any CPU
		{C55357AD-701E-4E47-A094-65FDE792A126}.Release|x86.Build.0 = Release|Any CPU
		{8913A5E8-542E-44F4-8A2B-2780B88174D3}.Debug|Any CPU.ActiveCfg = Debug|Any CPU
		{8913A5E8-542E-44F4-8A2B-2780B88174D3}.Debug|Any CPU.Build.0 = Debug|Any CPU
		{8913A5E8-542E-44F4-8A2B-2780B88174D3}.Debug|x64.ActiveCfg = Debug|Any CPU
		{8913A5E8-542E-44F4-8A2B-2780B88174D3}.Debug|x64.Build.0 = Debug|Any CPU
		{8913A5E8-542E-44F4-8A2B-2780B88174D3}.Debug|x86.ActiveCfg = Debug|Any CPU
		{8913A5E8-542E-44F4-8A2B-2780B88174D3}.Debug|x86.Build.0 = Debug|Any CPU
		{8913A5E8-542E-44F4-8A2B-2780B88174D3}.Release|Any CPU.ActiveCfg = Release|Any CPU
		{8913A5E8-542E-44F4-8A2B-2780B88174D3}.Release|Any CPU.Build.0 = Release|Any CPU
		{8913A5E8-542E-44F4-8A2B-2780B88174D3}.Release|x64.ActiveCfg = Release|Any CPU
		{8913A5E8-542E-44F4-8A2B-2780B88174D3}.Release|x64.Build.0 = Release|Any CPU
		{8913A5E8-542E-44F4-8A2B-2780B88174D3}.Release|x86.ActiveCfg = Release|Any CPU
		{8913A5E8-542E-44F4-8A2B-2780B88174D3}.Release|x86.Build.0 = Release|Any CPU
		{651A1391-A829-463F-A12E-1FCC500654F6}.Debug|Any CPU.ActiveCfg = Debug|Any CPU
		{651A1391-A829-463F-A12E-1FCC500654F6}.Debug|Any CPU.Build.0 = Debug|Any CPU
		{651A1391-A829-463F-A12E-1FCC500654F6}.Debug|x64.ActiveCfg = Debug|Any CPU
		{651A1391-A829-463F-A12E-1FCC500654F6}.Debug|x64.Build.0 = Debug|Any CPU
		{651A1391-A829-463F-A12E-1FCC500654F6}.Debug|x86.ActiveCfg = Debug|Any CPU
		{651A1391-A829-463F-A12E-1FCC500654F6}.Debug|x86.Build.0 = Debug|Any CPU
		{651A1391-A829-463F-A12E-1FCC500654F6}.Release|Any CPU.ActiveCfg = Release|Any CPU
		{651A1391-A829-463F-A12E-1FCC500654F6}.Release|Any CPU.Build.0 = Release|Any CPU
		{651A1391-A829-463F-A12E-1FCC500654F6}.Release|x64.ActiveCfg = Release|Any CPU
		{651A1391-A829-463F-A12E-1FCC500654F6}.Release|x64.Build.0 = Release|Any CPU
		{651A1391-A829-463F-A12E-1FCC500654F6}.Release|x86.ActiveCfg = Release|Any CPU
		{651A1391-A829-463F-A12E-1FCC500654F6}.Release|x86.Build.0 = Release|Any CPU
		{83251D88-1D8B-49B0-8664-1FC34202F36B}.Debug|Any CPU.ActiveCfg = Debug|Any CPU
		{83251D88-1D8B-49B0-8664-1FC34202F36B}.Debug|Any CPU.Build.0 = Debug|Any CPU
		{83251D88-1D8B-49B0-8664-1FC34202F36B}.Debug|x64.ActiveCfg = Debug|Any CPU
		{83251D88-1D8B-49B0-8664-1FC34202F36B}.Debug|x64.Build.0 = Debug|Any CPU
		{83251D88-1D8B-49B0-8664-1FC34202F36B}.Debug|x86.ActiveCfg = Debug|Any CPU
		{83251D88-1D8B-49B0-8664-1FC34202F36B}.Debug|x86.Build.0 = Debug|Any CPU
		{83251D88-1D8B-49B0-8664-1FC34202F36B}.Release|Any CPU.ActiveCfg = Release|Any CPU
		{83251D88-1D8B-49B0-8664-1FC34202F36B}.Release|Any CPU.Build.0 = Release|Any CPU
		{83251D88-1D8B-49B0-8664-1FC34202F36B}.Release|x64.ActiveCfg = Release|Any CPU
		{83251D88-1D8B-49B0-8664-1FC34202F36B}.Release|x64.Build.0 = Release|Any CPU
		{83251D88-1D8B-49B0-8664-1FC34202F36B}.Release|x86.ActiveCfg = Release|Any CPU
		{83251D88-1D8B-49B0-8664-1FC34202F36B}.Release|x86.Build.0 = Release|Any CPU
		{0D68039D-ACA9-4FCE-A340-F3A2C29A48A9}.Debug|Any CPU.ActiveCfg = Debug|Any CPU
		{0D68039D-ACA9-4FCE-A340-F3A2C29A48A9}.Debug|Any CPU.Build.0 = Debug|Any CPU
		{0D68039D-ACA9-4FCE-A340-F3A2C29A48A9}.Debug|x64.ActiveCfg = Debug|Any CPU
		{0D68039D-ACA9-4FCE-A340-F3A2C29A48A9}.Debug|x64.Build.0 = Debug|Any CPU
		{0D68039D-ACA9-4FCE-A340-F3A2C29A48A9}.Debug|x86.ActiveCfg = Debug|Any CPU
		{0D68039D-ACA9-4FCE-A340-F3A2C29A48A9}.Debug|x86.Build.0 = Debug|Any CPU
		{0D68039D-ACA9-4FCE-A340-F3A2C29A48A9}.Release|Any CPU.ActiveCfg = Release|Any CPU
		{0D68039D-ACA9-4FCE-A340-F3A2C29A48A9}.Release|Any CPU.Build.0 = Release|Any CPU
		{0D68039D-ACA9-4FCE-A340-F3A2C29A48A9}.Release|x64.ActiveCfg = Release|Any CPU
		{0D68039D-ACA9-4FCE-A340-F3A2C29A48A9}.Release|x64.Build.0 = Release|Any CPU
		{0D68039D-ACA9-4FCE-A340-F3A2C29A48A9}.Release|x86.ActiveCfg = Release|Any CPU
		{0D68039D-ACA9-4FCE-A340-F3A2C29A48A9}.Release|x86.Build.0 = Release|Any CPU
		{FF807063-793F-4077-A4D4-E738B85E61A1}.Debug|Any CPU.ActiveCfg = Debug|Any CPU
		{FF807063-793F-4077-A4D4-E738B85E61A1}.Debug|Any CPU.Build.0 = Debug|Any CPU
		{FF807063-793F-4077-A4D4-E738B85E61A1}.Debug|x64.ActiveCfg = Debug|Any CPU
		{FF807063-793F-4077-A4D4-E738B85E61A1}.Debug|x64.Build.0 = Debug|Any CPU
		{FF807063-793F-4077-A4D4-E738B85E61A1}.Debug|x86.ActiveCfg = Debug|Any CPU
		{FF807063-793F-4077-A4D4-E738B85E61A1}.Debug|x86.Build.0 = Debug|Any CPU
		{FF807063-793F-4077-A4D4-E738B85E61A1}.Release|Any CPU.ActiveCfg = Release|Any CPU
		{FF807063-793F-4077-A4D4-E738B85E61A1}.Release|Any CPU.Build.0 = Release|Any CPU
		{FF807063-793F-4077-A4D4-E738B85E61A1}.Release|x64.ActiveCfg = Release|Any CPU
		{FF807063-793F-4077-A4D4-E738B85E61A1}.Release|x64.Build.0 = Release|Any CPU
		{FF807063-793F-4077-A4D4-E738B85E61A1}.Release|x86.ActiveCfg = Release|Any CPU
		{FF807063-793F-4077-A4D4-E738B85E61A1}.Release|x86.Build.0 = Release|Any CPU
		{739128A7-31B8-4DDB-AD3F-D6C122B41202}.Debug|Any CPU.ActiveCfg = Debug|Any CPU
		{739128A7-31B8-4DDB-AD3F-D6C122B41202}.Debug|Any CPU.Build.0 = Debug|Any CPU
		{739128A7-31B8-4DDB-AD3F-D6C122B41202}.Debug|x64.ActiveCfg = Debug|Any CPU
		{739128A7-31B8-4DDB-AD3F-D6C122B41202}.Debug|x64.Build.0 = Debug|Any CPU
		{739128A7-31B8-4DDB-AD3F-D6C122B41202}.Debug|x86.ActiveCfg = Debug|Any CPU
		{739128A7-31B8-4DDB-AD3F-D6C122B41202}.Debug|x86.Build.0 = Debug|Any CPU
		{739128A7-31B8-4DDB-AD3F-D6C122B41202}.Release|Any CPU.ActiveCfg = Release|Any CPU
		{739128A7-31B8-4DDB-AD3F-D6C122B41202}.Release|Any CPU.Build.0 = Release|Any CPU
		{739128A7-31B8-4DDB-AD3F-D6C122B41202}.Release|x64.ActiveCfg = Release|Any CPU
		{739128A7-31B8-4DDB-AD3F-D6C122B41202}.Release|x64.Build.0 = Release|Any CPU
		{739128A7-31B8-4DDB-AD3F-D6C122B41202}.Release|x86.ActiveCfg = Release|Any CPU
		{739128A7-31B8-4DDB-AD3F-D6C122B41202}.Release|x86.Build.0 = Release|Any CPU
		{9AA7BA24-D062-4E23-BE92-816BBE7773ED}.Debug|Any CPU.ActiveCfg = Debug|Any CPU
		{9AA7BA24-D062-4E23-BE92-816BBE7773ED}.Debug|Any CPU.Build.0 = Debug|Any CPU
		{9AA7BA24-D062-4E23-BE92-816BBE7773ED}.Debug|x64.ActiveCfg = Debug|Any CPU
		{9AA7BA24-D062-4E23-BE92-816BBE7773ED}.Debug|x64.Build.0 = Debug|Any CPU
		{9AA7BA24-D062-4E23-BE92-816BBE7773ED}.Debug|x86.ActiveCfg = Debug|Any CPU
		{9AA7BA24-D062-4E23-BE92-816BBE7773ED}.Debug|x86.Build.0 = Debug|Any CPU
		{9AA7BA24-D062-4E23-BE92-816BBE7773ED}.Release|Any CPU.ActiveCfg = Release|Any CPU
		{9AA7BA24-D062-4E23-BE92-816BBE7773ED}.Release|Any CPU.Build.0 = Release|Any CPU
		{9AA7BA24-D062-4E23-BE92-816BBE7773ED}.Release|x64.ActiveCfg = Release|Any CPU
		{9AA7BA24-D062-4E23-BE92-816BBE7773ED}.Release|x64.Build.0 = Release|Any CPU
		{9AA7BA24-D062-4E23-BE92-816BBE7773ED}.Release|x86.ActiveCfg = Release|Any CPU
		{9AA7BA24-D062-4E23-BE92-816BBE7773ED}.Release|x86.Build.0 = Release|Any CPU
		{405A65C5-A922-4DBB-8181-C70DECC4D7F4}.Debug|Any CPU.ActiveCfg = Debug|Any CPU
		{405A65C5-A922-4DBB-8181-C70DECC4D7F4}.Debug|Any CPU.Build.0 = Debug|Any CPU
		{405A65C5-A922-4DBB-8181-C70DECC4D7F4}.Debug|x64.ActiveCfg = Debug|Any CPU
		{405A65C5-A922-4DBB-8181-C70DECC4D7F4}.Debug|x64.Build.0 = Debug|Any CPU
		{405A65C5-A922-4DBB-8181-C70DECC4D7F4}.Debug|x86.ActiveCfg = Debug|Any CPU
		{405A65C5-A922-4DBB-8181-C70DECC4D7F4}.Debug|x86.Build.0 = Debug|Any CPU
		{405A65C5-A922-4DBB-8181-C70DECC4D7F4}.Release|Any CPU.ActiveCfg = Release|Any CPU
		{405A65C5-A922-4DBB-8181-C70DECC4D7F4}.Release|Any CPU.Build.0 = Release|Any CPU
		{405A65C5-A922-4DBB-8181-C70DECC4D7F4}.Release|x64.ActiveCfg = Release|Any CPU
		{405A65C5-A922-4DBB-8181-C70DECC4D7F4}.Release|x64.Build.0 = Release|Any CPU
		{405A65C5-A922-4DBB-8181-C70DECC4D7F4}.Release|x86.ActiveCfg = Release|Any CPU
		{405A65C5-A922-4DBB-8181-C70DECC4D7F4}.Release|x86.Build.0 = Release|Any CPU
		{9A152C24-DAEA-4996-970A-174A2DEDE153}.Debug|Any CPU.ActiveCfg = Debug|Any CPU
		{9A152C24-DAEA-4996-970A-174A2DEDE153}.Debug|Any CPU.Build.0 = Debug|Any CPU
		{9A152C24-DAEA-4996-970A-174A2DEDE153}.Debug|x64.ActiveCfg = Debug|Any CPU
		{9A152C24-DAEA-4996-970A-174A2DEDE153}.Debug|x64.Build.0 = Debug|Any CPU
		{9A152C24-DAEA-4996-970A-174A2DEDE153}.Debug|x86.ActiveCfg = Debug|Any CPU
		{9A152C24-DAEA-4996-970A-174A2DEDE153}.Debug|x86.Build.0 = Debug|Any CPU
		{9A152C24-DAEA-4996-970A-174A2DEDE153}.Release|Any CPU.ActiveCfg = Release|Any CPU
		{9A152C24-DAEA-4996-970A-174A2DEDE153}.Release|Any CPU.Build.0 = Release|Any CPU
		{9A152C24-DAEA-4996-970A-174A2DEDE153}.Release|x64.ActiveCfg = Release|Any CPU
		{9A152C24-DAEA-4996-970A-174A2DEDE153}.Release|x64.Build.0 = Release|Any CPU
		{9A152C24-DAEA-4996-970A-174A2DEDE153}.Release|x86.ActiveCfg = Release|Any CPU
		{9A152C24-DAEA-4996-970A-174A2DEDE153}.Release|x86.Build.0 = Release|Any CPU
		{42CFCB86-9CCB-4BC7-AD57-C9E8FB7B9C1C}.Debug|Any CPU.ActiveCfg = Debug|Any CPU
		{42CFCB86-9CCB-4BC7-AD57-C9E8FB7B9C1C}.Debug|Any CPU.Build.0 = Debug|Any CPU
		{42CFCB86-9CCB-4BC7-AD57-C9E8FB7B9C1C}.Debug|x64.ActiveCfg = Debug|Any CPU
		{42CFCB86-9CCB-4BC7-AD57-C9E8FB7B9C1C}.Debug|x64.Build.0 = Debug|Any CPU
		{42CFCB86-9CCB-4BC7-AD57-C9E8FB7B9C1C}.Debug|x86.ActiveCfg = Debug|Any CPU
		{42CFCB86-9CCB-4BC7-AD57-C9E8FB7B9C1C}.Debug|x86.Build.0 = Debug|Any CPU
		{42CFCB86-9CCB-4BC7-AD57-C9E8FB7B9C1C}.Release|Any CPU.ActiveCfg = Release|Any CPU
		{42CFCB86-9CCB-4BC7-AD57-C9E8FB7B9C1C}.Release|Any CPU.Build.0 = Release|Any CPU
		{42CFCB86-9CCB-4BC7-AD57-C9E8FB7B9C1C}.Release|x64.ActiveCfg = Release|Any CPU
		{42CFCB86-9CCB-4BC7-AD57-C9E8FB7B9C1C}.Release|x64.Build.0 = Release|Any CPU
		{42CFCB86-9CCB-4BC7-AD57-C9E8FB7B9C1C}.Release|x86.ActiveCfg = Release|Any CPU
		{42CFCB86-9CCB-4BC7-AD57-C9E8FB7B9C1C}.Release|x86.Build.0 = Release|Any CPU
		{3D06C26F-71DD-4439-BB69-9E19EB771A80}.Debug|Any CPU.ActiveCfg = Debug|Any CPU
		{3D06C26F-71DD-4439-BB69-9E19EB771A80}.Debug|Any CPU.Build.0 = Debug|Any CPU
		{3D06C26F-71DD-4439-BB69-9E19EB771A80}.Debug|x64.ActiveCfg = Debug|Any CPU
		{3D06C26F-71DD-4439-BB69-9E19EB771A80}.Debug|x64.Build.0 = Debug|Any CPU
		{3D06C26F-71DD-4439-BB69-9E19EB771A80}.Debug|x86.ActiveCfg = Debug|Any CPU
		{3D06C26F-71DD-4439-BB69-9E19EB771A80}.Debug|x86.Build.0 = Debug|Any CPU
		{3D06C26F-71DD-4439-BB69-9E19EB771A80}.Release|Any CPU.ActiveCfg = Release|Any CPU
		{3D06C26F-71DD-4439-BB69-9E19EB771A80}.Release|Any CPU.Build.0 = Release|Any CPU
		{3D06C26F-71DD-4439-BB69-9E19EB771A80}.Release|x64.ActiveCfg = Release|Any CPU
		{3D06C26F-71DD-4439-BB69-9E19EB771A80}.Release|x64.Build.0 = Release|Any CPU
		{3D06C26F-71DD-4439-BB69-9E19EB771A80}.Release|x86.ActiveCfg = Release|Any CPU
		{3D06C26F-71DD-4439-BB69-9E19EB771A80}.Release|x86.Build.0 = Release|Any CPU
		{1EB22ED5-22F9-4790-B29E-D5A46FEEC41B}.Debug|Any CPU.ActiveCfg = Debug|Any CPU
		{1EB22ED5-22F9-4790-B29E-D5A46FEEC41B}.Debug|Any CPU.Build.0 = Debug|Any CPU
		{1EB22ED5-22F9-4790-B29E-D5A46FEEC41B}.Debug|x64.ActiveCfg = Debug|Any CPU
		{1EB22ED5-22F9-4790-B29E-D5A46FEEC41B}.Debug|x64.Build.0 = Debug|Any CPU
		{1EB22ED5-22F9-4790-B29E-D5A46FEEC41B}.Debug|x86.ActiveCfg = Debug|Any CPU
		{1EB22ED5-22F9-4790-B29E-D5A46FEEC41B}.Debug|x86.Build.0 = Debug|Any CPU
		{1EB22ED5-22F9-4790-B29E-D5A46FEEC41B}.Release|Any CPU.ActiveCfg = Release|Any CPU
		{1EB22ED5-22F9-4790-B29E-D5A46FEEC41B}.Release|Any CPU.Build.0 = Release|Any CPU
		{1EB22ED5-22F9-4790-B29E-D5A46FEEC41B}.Release|x64.ActiveCfg = Release|Any CPU
		{1EB22ED5-22F9-4790-B29E-D5A46FEEC41B}.Release|x64.Build.0 = Release|Any CPU
		{1EB22ED5-22F9-4790-B29E-D5A46FEEC41B}.Release|x86.ActiveCfg = Release|Any CPU
		{1EB22ED5-22F9-4790-B29E-D5A46FEEC41B}.Release|x86.Build.0 = Release|Any CPU
		{05BD480F-1EE4-49BD-A25F-3083AB24DE6B}.Debug|Any CPU.ActiveCfg = Debug|Any CPU
		{05BD480F-1EE4-49BD-A25F-3083AB24DE6B}.Debug|Any CPU.Build.0 = Debug|Any CPU
		{05BD480F-1EE4-49BD-A25F-3083AB24DE6B}.Debug|x64.ActiveCfg = Debug|Any CPU
		{05BD480F-1EE4-49BD-A25F-3083AB24DE6B}.Debug|x64.Build.0 = Debug|Any CPU
		{05BD480F-1EE4-49BD-A25F-3083AB24DE6B}.Debug|x86.ActiveCfg = Debug|Any CPU
		{05BD480F-1EE4-49BD-A25F-3083AB24DE6B}.Debug|x86.Build.0 = Debug|Any CPU
		{05BD480F-1EE4-49BD-A25F-3083AB24DE6B}.Release|Any CPU.ActiveCfg = Release|Any CPU
		{05BD480F-1EE4-49BD-A25F-3083AB24DE6B}.Release|Any CPU.Build.0 = Release|Any CPU
		{05BD480F-1EE4-49BD-A25F-3083AB24DE6B}.Release|x64.ActiveCfg = Release|Any CPU
		{05BD480F-1EE4-49BD-A25F-3083AB24DE6B}.Release|x64.Build.0 = Release|Any CPU
		{05BD480F-1EE4-49BD-A25F-3083AB24DE6B}.Release|x86.ActiveCfg = Release|Any CPU
		{05BD480F-1EE4-49BD-A25F-3083AB24DE6B}.Release|x86.Build.0 = Release|Any CPU
		{8E487447-0B0C-491B-B6E6-573D2628C178}.Debug|Any CPU.ActiveCfg = Debug|Any CPU
		{8E487447-0B0C-491B-B6E6-573D2628C178}.Debug|Any CPU.Build.0 = Debug|Any CPU
		{8E487447-0B0C-491B-B6E6-573D2628C178}.Debug|x64.ActiveCfg = Debug|Any CPU
		{8E487447-0B0C-491B-B6E6-573D2628C178}.Debug|x64.Build.0 = Debug|Any CPU
		{8E487447-0B0C-491B-B6E6-573D2628C178}.Debug|x86.ActiveCfg = Debug|Any CPU
		{8E487447-0B0C-491B-B6E6-573D2628C178}.Debug|x86.Build.0 = Debug|Any CPU
		{8E487447-0B0C-491B-B6E6-573D2628C178}.Release|Any CPU.ActiveCfg = Release|Any CPU
		{8E487447-0B0C-491B-B6E6-573D2628C178}.Release|Any CPU.Build.0 = Release|Any CPU
		{8E487447-0B0C-491B-B6E6-573D2628C178}.Release|x64.ActiveCfg = Release|Any CPU
		{8E487447-0B0C-491B-B6E6-573D2628C178}.Release|x64.Build.0 = Release|Any CPU
		{8E487447-0B0C-491B-B6E6-573D2628C178}.Release|x86.ActiveCfg = Release|Any CPU
		{8E487447-0B0C-491B-B6E6-573D2628C178}.Release|x86.Build.0 = Release|Any CPU
		{EBCF54D3-D631-4D94-8143-A323A4918410}.Debug|Any CPU.ActiveCfg = Debug|Any CPU
		{EBCF54D3-D631-4D94-8143-A323A4918410}.Debug|Any CPU.Build.0 = Debug|Any CPU
		{EBCF54D3-D631-4D94-8143-A323A4918410}.Debug|x64.ActiveCfg = Debug|Any CPU
		{EBCF54D3-D631-4D94-8143-A323A4918410}.Debug|x64.Build.0 = Debug|Any CPU
		{EBCF54D3-D631-4D94-8143-A323A4918410}.Debug|x86.ActiveCfg = Debug|Any CPU
		{EBCF54D3-D631-4D94-8143-A323A4918410}.Debug|x86.Build.0 = Debug|Any CPU
		{EBCF54D3-D631-4D94-8143-A323A4918410}.Release|Any CPU.ActiveCfg = Release|Any CPU
		{EBCF54D3-D631-4D94-8143-A323A4918410}.Release|Any CPU.Build.0 = Release|Any CPU
		{EBCF54D3-D631-4D94-8143-A323A4918410}.Release|x64.ActiveCfg = Release|Any CPU
		{EBCF54D3-D631-4D94-8143-A323A4918410}.Release|x64.Build.0 = Release|Any CPU
		{EBCF54D3-D631-4D94-8143-A323A4918410}.Release|x86.ActiveCfg = Release|Any CPU
		{EBCF54D3-D631-4D94-8143-A323A4918410}.Release|x86.Build.0 = Release|Any CPU
		{85CAF800-ABBA-46F7-8D82-D6FCF1E09314}.Debug|Any CPU.ActiveCfg = Debug|Any CPU
		{85CAF800-ABBA-46F7-8D82-D6FCF1E09314}.Debug|Any CPU.Build.0 = Debug|Any CPU
		{85CAF800-ABBA-46F7-8D82-D6FCF1E09314}.Debug|x64.ActiveCfg = Debug|Any CPU
		{85CAF800-ABBA-46F7-8D82-D6FCF1E09314}.Debug|x64.Build.0 = Debug|Any CPU
		{85CAF800-ABBA-46F7-8D82-D6FCF1E09314}.Debug|x86.ActiveCfg = Debug|Any CPU
		{85CAF800-ABBA-46F7-8D82-D6FCF1E09314}.Debug|x86.Build.0 = Debug|Any CPU
		{85CAF800-ABBA-46F7-8D82-D6FCF1E09314}.Release|Any CPU.ActiveCfg = Release|Any CPU
		{85CAF800-ABBA-46F7-8D82-D6FCF1E09314}.Release|Any CPU.Build.0 = Release|Any CPU
		{85CAF800-ABBA-46F7-8D82-D6FCF1E09314}.Release|x64.ActiveCfg = Release|Any CPU
		{85CAF800-ABBA-46F7-8D82-D6FCF1E09314}.Release|x64.Build.0 = Release|Any CPU
		{85CAF800-ABBA-46F7-8D82-D6FCF1E09314}.Release|x86.ActiveCfg = Release|Any CPU
		{85CAF800-ABBA-46F7-8D82-D6FCF1E09314}.Release|x86.Build.0 = Release|Any CPU
		{2071AB3E-CA2E-4B47-9434-8D17B08D08A7}.Debug|Any CPU.ActiveCfg = Debug|Any CPU
		{2071AB3E-CA2E-4B47-9434-8D17B08D08A7}.Debug|Any CPU.Build.0 = Debug|Any CPU
		{2071AB3E-CA2E-4B47-9434-8D17B08D08A7}.Debug|x64.ActiveCfg = Debug|Any CPU
		{2071AB3E-CA2E-4B47-9434-8D17B08D08A7}.Debug|x64.Build.0 = Debug|Any CPU
		{2071AB3E-CA2E-4B47-9434-8D17B08D08A7}.Debug|x86.ActiveCfg = Debug|Any CPU
		{2071AB3E-CA2E-4B47-9434-8D17B08D08A7}.Debug|x86.Build.0 = Debug|Any CPU
		{2071AB3E-CA2E-4B47-9434-8D17B08D08A7}.Release|Any CPU.ActiveCfg = Release|Any CPU
		{2071AB3E-CA2E-4B47-9434-8D17B08D08A7}.Release|Any CPU.Build.0 = Release|Any CPU
		{2071AB3E-CA2E-4B47-9434-8D17B08D08A7}.Release|x64.ActiveCfg = Release|Any CPU
		{2071AB3E-CA2E-4B47-9434-8D17B08D08A7}.Release|x64.Build.0 = Release|Any CPU
		{2071AB3E-CA2E-4B47-9434-8D17B08D08A7}.Release|x86.ActiveCfg = Release|Any CPU
		{2071AB3E-CA2E-4B47-9434-8D17B08D08A7}.Release|x86.Build.0 = Release|Any CPU
		{3D7EE62A-8747-4A0A-9314-943B8FABBAED}.Debug|Any CPU.ActiveCfg = Debug|Any CPU
		{3D7EE62A-8747-4A0A-9314-943B8FABBAED}.Debug|Any CPU.Build.0 = Debug|Any CPU
		{3D7EE62A-8747-4A0A-9314-943B8FABBAED}.Debug|x64.ActiveCfg = Debug|Any CPU
		{3D7EE62A-8747-4A0A-9314-943B8FABBAED}.Debug|x64.Build.0 = Debug|Any CPU
		{3D7EE62A-8747-4A0A-9314-943B8FABBAED}.Debug|x86.ActiveCfg = Debug|Any CPU
		{3D7EE62A-8747-4A0A-9314-943B8FABBAED}.Debug|x86.Build.0 = Debug|Any CPU
		{3D7EE62A-8747-4A0A-9314-943B8FABBAED}.Release|Any CPU.ActiveCfg = Release|Any CPU
		{3D7EE62A-8747-4A0A-9314-943B8FABBAED}.Release|Any CPU.Build.0 = Release|Any CPU
		{3D7EE62A-8747-4A0A-9314-943B8FABBAED}.Release|x64.ActiveCfg = Release|Any CPU
		{3D7EE62A-8747-4A0A-9314-943B8FABBAED}.Release|x64.Build.0 = Release|Any CPU
		{3D7EE62A-8747-4A0A-9314-943B8FABBAED}.Release|x86.ActiveCfg = Release|Any CPU
		{3D7EE62A-8747-4A0A-9314-943B8FABBAED}.Release|x86.Build.0 = Release|Any CPU
		{83A08A14-5ED8-4908-94D7-F15DD342DDB9}.Debug|Any CPU.ActiveCfg = Debug|Any CPU
		{83A08A14-5ED8-4908-94D7-F15DD342DDB9}.Debug|Any CPU.Build.0 = Debug|Any CPU
		{83A08A14-5ED8-4908-94D7-F15DD342DDB9}.Debug|x64.ActiveCfg = Debug|Any CPU
		{83A08A14-5ED8-4908-94D7-F15DD342DDB9}.Debug|x64.Build.0 = Debug|Any CPU
		{83A08A14-5ED8-4908-94D7-F15DD342DDB9}.Debug|x86.ActiveCfg = Debug|Any CPU
		{83A08A14-5ED8-4908-94D7-F15DD342DDB9}.Debug|x86.Build.0 = Debug|Any CPU
		{83A08A14-5ED8-4908-94D7-F15DD342DDB9}.Release|Any CPU.ActiveCfg = Release|Any CPU
		{83A08A14-5ED8-4908-94D7-F15DD342DDB9}.Release|Any CPU.Build.0 = Release|Any CPU
		{83A08A14-5ED8-4908-94D7-F15DD342DDB9}.Release|x64.ActiveCfg = Release|Any CPU
		{83A08A14-5ED8-4908-94D7-F15DD342DDB9}.Release|x64.Build.0 = Release|Any CPU
		{83A08A14-5ED8-4908-94D7-F15DD342DDB9}.Release|x86.ActiveCfg = Release|Any CPU
		{83A08A14-5ED8-4908-94D7-F15DD342DDB9}.Release|x86.Build.0 = Release|Any CPU
		{DA991F9F-A85B-4CBE-AA07-3AB8DE99232B}.Debug|Any CPU.ActiveCfg = Debug|Any CPU
		{DA991F9F-A85B-4CBE-AA07-3AB8DE99232B}.Debug|Any CPU.Build.0 = Debug|Any CPU
		{DA991F9F-A85B-4CBE-AA07-3AB8DE99232B}.Debug|x64.ActiveCfg = Debug|Any CPU
		{DA991F9F-A85B-4CBE-AA07-3AB8DE99232B}.Debug|x64.Build.0 = Debug|Any CPU
		{DA991F9F-A85B-4CBE-AA07-3AB8DE99232B}.Debug|x86.ActiveCfg = Debug|Any CPU
		{DA991F9F-A85B-4CBE-AA07-3AB8DE99232B}.Debug|x86.Build.0 = Debug|Any CPU
		{DA991F9F-A85B-4CBE-AA07-3AB8DE99232B}.Release|Any CPU.ActiveCfg = Release|Any CPU
		{DA991F9F-A85B-4CBE-AA07-3AB8DE99232B}.Release|Any CPU.Build.0 = Release|Any CPU
		{DA991F9F-A85B-4CBE-AA07-3AB8DE99232B}.Release|x64.ActiveCfg = Release|Any CPU
		{DA991F9F-A85B-4CBE-AA07-3AB8DE99232B}.Release|x64.Build.0 = Release|Any CPU
		{DA991F9F-A85B-4CBE-AA07-3AB8DE99232B}.Release|x86.ActiveCfg = Release|Any CPU
		{DA991F9F-A85B-4CBE-AA07-3AB8DE99232B}.Release|x86.Build.0 = Release|Any CPU
	EndGlobalSection
	GlobalSection(SolutionProperties) = preSolution
		HideSolutionNode = FALSE
	EndGlobalSection
EndGlobal
